
Microsoft Visual Studio Solution File, Format Version 12.00
# Visual Studio Version 17
VisualStudioVersion = 17.5.33516.290
MinimumVisualStudioVersion = 10.0.40219.1
Project("{FAE04EC0-301F-11D3-BF4B-00C04F79EFBC}") = "IkeaFramework", "IkeaFramework\IkeaFramework.csproj", "{7EE808D8-A83B-4A9C-AF7B-207CEF6D8586}"
EndProject
Project("{FAE04EC0-301F-11D3-BF4B-00C04F79EFBC}") = "IkeaTests", "IkeaTests\IkeaTests.csproj", "{D96E242D-57AE-49D8-A37C-C32AA7017EE8}"
EndProject
Global
	GlobalSection(SolutionConfigurationPlatforms) = preSolution
		Debug|Any CPU = Debug|Any CPU
		Release|Any CPU = Release|Any CPU
	EndGlobalSection
	GlobalSection(ProjectConfigurationPlatforms) = postSolution
		{7EE808D8-A83B-4A9C-AF7B-207CEF6D8586}.Debug|Any CPU.ActiveCfg = Debug|Any CPU
		{7EE808D8-A83B-4A9C-AF7B-207CEF6D8586}.Debug|Any CPU.Build.0 = Debug|Any CPU
		{7EE808D8-A83B-4A9C-AF7B-207CEF6D8586}.Release|Any CPU.ActiveCfg = Release|Any CPU
		{7EE808D8-A83B-4A9C-AF7B-207CEF6D8586}.Release|Any CPU.Build.0 = Release|Any CPU
		{D96E242D-57AE-49D8-A37C-C32AA7017EE8}.Debug|Any CPU.ActiveCfg = Debug|Any CPU
		{D96E242D-57AE-49D8-A37C-C32AA7017EE8}.Debug|Any CPU.Build.0 = Debug|Any CPU
		{D96E242D-57AE-49D8-A37C-C32AA7017EE8}.Release|Any CPU.ActiveCfg = Release|Any CPU
		{D96E242D-57AE-49D8-A37C-C32AA7017EE8}.Release|Any CPU.Build.0 = Release|Any CPU
	EndGlobalSection
	GlobalSection(SolutionProperties) = preSolution
		HideSolutionNode = FALSE
	EndGlobalSection
	GlobalSection(ExtensibilityGlobals) = postSolution
		SolutionGuid = {4F296898-3732-4B93-B123-A78A3B7DF4DF}
	EndGlobalSection
EndGlobal
